
Microsoft Visual Studio Solution File, Format Version 12.00
# Visual Studio Version 17
VisualStudioVersion = 17.5.33530.505
MinimumVisualStudioVersion = 10.0.40219.1
Project("{FAE04EC0-301F-11D3-BF4B-00C04F79EFBC}") = "Guess-A-Number", "Guess-A-Number.csproj", "{08029F9C-BC6D-4AEB-9FBE-C5F1D4B3AD7F}"
EndProject
Global
	GlobalSection(SolutionConfigurationPlatforms) = preSolution
		Debug|Any CPU = Debug|Any CPU
		Release|Any CPU = Release|Any CPU
	EndGlobalSection
	GlobalSection(ProjectConfigurationPlatforms) = postSolution
		{08029F9C-BC6D-4AEB-9FBE-C5F1D4B3AD7F}.Debug|Any CPU.ActiveCfg = Debug|Any CPU
		{08029F9C-BC6D-4AEB-9FBE-C5F1D4B3AD7F}.Debug|Any CPU.Build.0 = Debug|Any CPU
		{08029F9C-BC6D-4AEB-9FBE-C5F1D4B3AD7F}.Release|Any CPU.ActiveCfg = Release|Any CPU
		{08029F9C-BC6D-4AEB-9FBE-C5F1D4B3AD7F}.Release|Any CPU.Build.0 = Release|Any CPU
	EndGlobalSection
	GlobalSection(SolutionProperties) = preSolution
		HideSolutionNode = FALSE
	EndGlobalSection
	GlobalSection(ExtensibilityGlobals) = postSolution
		SolutionGuid = {B2C04C20-09C9-4045-9270-C7E5E4D3BFD0}
	EndGlobalSection
EndGlobal
