
Microsoft Visual Studio Solution File, Format Version 12.00
# Visual Studio Version 17
VisualStudioVersion = 17.1.32228.430
MinimumVisualStudioVersion = 10.0.40219.1
Project("{FAE04EC0-301F-11D3-BF4B-00C04F79EFBC}") = "Text-Adventure-Game", "Text-Adventure-Game.csproj", "{D54460C1-E1AE-4E56-89C1-750275EE24F4}"
EndProject
Global
	GlobalSection(SolutionConfigurationPlatforms) = preSolution
		Debug|Any CPU = Debug|Any CPU
		Release|Any CPU = Release|Any CPU
	EndGlobalSection
	GlobalSection(ProjectConfigurationPlatforms) = postSolution
		{D54460C1-E1AE-4E56-89C1-750275EE24F4}.Debug|Any CPU.ActiveCfg = Debug|Any CPU
		{D54460C1-E1AE-4E56-89C1-750275EE24F4}.Debug|Any CPU.Build.0 = Debug|Any CPU
		{D54460C1-E1AE-4E56-89C1-750275EE24F4}.Release|Any CPU.ActiveCfg = Release|Any CPU
		{D54460C1-E1AE-4E56-89C1-750275EE24F4}.Release|Any CPU.Build.0 = Release|Any CPU
	EndGlobalSection
	GlobalSection(SolutionProperties) = preSolution
		HideSolutionNode = FALSE
	EndGlobalSection
	GlobalSection(ExtensibilityGlobals) = postSolution
		SolutionGuid = {F79B57EB-DA44-4448-A373-B9A5633D7D47}
	EndGlobalSection
EndGlobal
